{
  "name": "cannabis_db",
  "lockfileVersion": 3,
  "requires": true,
  "packages": {
    "": {
      "dependencies": {
        "drkmd-js": "^1.0.12"
      }
    },
    "node_modules/drkmd-js": {
      "version": "1.0.12",
      "resolved": "https://registry.npmjs.org/drkmd-js/-/drkmd-js-1.0.12.tgz",
      "integrity": "sha512-IExXf29RfjnFTV/5cpIlLAv+dVZZQ2dHRRu7vkGxqwfbAVbmJO0aate+GH17Y8ZfI0g88E8hAXU5FdsEybzk4g==",
      "license": "MIT"
    }
  }
}
